{
  "name": "demo",
  "version": "1.0.0",
  "lockfileVersion": 3,
  "requires": true,
  "packages": {
    "": {
      "name": "demo",
      "version": "1.0.0",
      "license": "ISC",
      "dependencies": {
        "wallpaper": "^7.2.1"
      }
    },
    "node_modules/wallpaper": {
      "version": "7.2.1",
      "resolved": "http://artifactory.intra.xiaojukeji.com/artifactory/api/npm/npm/wallpaper/-/wallpaper-7.2.1.tgz?dl=https%3A%2F%2Fregistry.npmmirror.com%2Fwallpaper%2F-%2Fwallpaper-7.2.1.tgz",
      "integrity": "sha512-fqAhFSF/BVg+F7Hj+9xOnDWZMM20rjuDTYtietso4P8gYOPOBzJyzbJEDocDfoCgzDV5a1x68u54/ICr70mpPw==",
      "engines": {
        "node": ">=16"
      }
    }
  }
}
